
Microsoft Visual Studio Solution File, Format Version 12.00
# Visual Studio 15
VisualStudioVersion = 15.0.26430.16
MinimumVisualStudioVersion = 10.0.40219.1
Project("{FAE04EC0-301F-11D3-BF4B-00C04F79EFBC}") = "1", "1\1.csproj", "{46DB81A7-89A1-498C-8FDB-3BFDEDDB1CFC}"
EndProject
Project("{FAE04EC0-301F-11D3-BF4B-00C04F79EFBC}") = "2", "2\2.csproj", "{58438A8F-5931-4E47-9390-0674C4530E77}"
EndProject
Project("{FAE04EC0-301F-11D3-BF4B-00C04F79EFBC}") = "3", "3\3.csproj", "{1A749951-DFA9-42C4-AAB2-06B79D69630C}"
EndProject
Project("{FAE04EC0-301F-11D3-BF4B-00C04F79EFBC}") = "4", "4\4.csproj", "{DBB55026-3806-44FE-B352-EA33DA64A18A}"
EndProject
Project("{FAE04EC0-301F-11D3-BF4B-00C04F79EFBC}") = "5", "5\5.csproj", "{D80925A9-3DEF-4B4F-90F9-8123810C814B}"
EndProject
Project("{FAE04EC0-301F-11D3-BF4B-00C04F79EFBC}") = "6", "6\6.csproj", "{60BA2858-9241-469A-9582-7A7E15896670}"
EndProject
Global
	GlobalSection(SolutionConfigurationPlatforms) = preSolution
		Debug|Any CPU = Debug|Any CPU
		Release|Any CPU = Release|Any CPU
	EndGlobalSection
	GlobalSection(ProjectConfigurationPlatforms) = postSolution
		{46DB81A7-89A1-498C-8FDB-3BFDEDDB1CFC}.Debug|Any CPU.ActiveCfg = Debug|Any CPU
		{46DB81A7-89A1-498C-8FDB-3BFDEDDB1CFC}.Debug|Any CPU.Build.0 = Debug|Any CPU
		{46DB81A7-89A1-498C-8FDB-3BFDEDDB1CFC}.Release|Any CPU.ActiveCfg = Release|Any CPU
		{46DB81A7-89A1-498C-8FDB-3BFDEDDB1CFC}.Release|Any CPU.Build.0 = Release|Any CPU
		{58438A8F-5931-4E47-9390-0674C4530E77}.Debug|Any CPU.ActiveCfg = Debug|Any CPU
		{58438A8F-5931-4E47-9390-0674C4530E77}.Debug|Any CPU.Build.0 = Debug|Any CPU
		{58438A8F-5931-4E47-9390-0674C4530E77}.Release|Any CPU.ActiveCfg = Release|Any CPU
		{58438A8F-5931-4E47-9390-0674C4530E77}.Release|Any CPU.Build.0 = Release|Any CPU
		{1A749951-DFA9-42C4-AAB2-06B79D69630C}.Debug|Any CPU.ActiveCfg = Debug|Any CPU
		{1A749951-DFA9-42C4-AAB2-06B79D69630C}.Debug|Any CPU.Build.0 = Debug|Any CPU
		{1A749951-DFA9-42C4-AAB2-06B79D69630C}.Release|Any CPU.ActiveCfg = Release|Any CPU
		{1A749951-DFA9-42C4-AAB2-06B79D69630C}.Release|Any CPU.Build.0 = Release|Any CPU
		{DBB55026-3806-44FE-B352-EA33DA64A18A}.Debug|Any CPU.ActiveCfg = Debug|Any CPU
		{DBB55026-3806-44FE-B352-EA33DA64A18A}.Debug|Any CPU.Build.0 = Debug|Any CPU
		{DBB55026-3806-44FE-B352-EA33DA64A18A}.Release|Any CPU.ActiveCfg = Release|Any CPU
		{DBB55026-3806-44FE-B352-EA33DA64A18A}.Release|Any CPU.Build.0 = Release|Any CPU
		{D80925A9-3DEF-4B4F-90F9-8123810C814B}.Debug|Any CPU.ActiveCfg = Debug|Any CPU
		{D80925A9-3DEF-4B4F-90F9-8123810C814B}.Debug|Any CPU.Build.0 = Debug|Any CPU
		{D80925A9-3DEF-4B4F-90F9-8123810C814B}.Release|Any CPU.ActiveCfg = Release|Any CPU
		{D80925A9-3DEF-4B4F-90F9-8123810C814B}.Release|Any CPU.Build.0 = Release|Any CPU
		{60BA2858-9241-469A-9582-7A7E15896670}.Debug|Any CPU.ActiveCfg = Debug|Any CPU
		{60BA2858-9241-469A-9582-7A7E15896670}.Debug|Any CPU.Build.0 = Debug|Any CPU
		{60BA2858-9241-469A-9582-7A7E15896670}.Release|Any CPU.ActiveCfg = Release|Any CPU
		{60BA2858-9241-469A-9582-7A7E15896670}.Release|Any CPU.Build.0 = Release|Any CPU
	EndGlobalSection
	GlobalSection(SolutionProperties) = preSolution
		HideSolutionNode = FALSE
	EndGlobalSection
EndGlobal
