
Microsoft Visual Studio Solution File, Format Version 12.00
# Visual Studio 15
VisualStudioVersion = 15.0.26430.13
MinimumVisualStudioVersion = 10.0.40219.1
Project("{FAE04EC0-301F-11D3-BF4B-00C04F79EFBC}") = "Say Hello", "Say Hello\Say Hello.csproj", "{B19995B8-FA59-451D-8E95-1AF7427E37B5}"
EndProject
Project("{FAE04EC0-301F-11D3-BF4B-00C04F79EFBC}") = "Get largest number", "Get largest number\Get largest number.csproj", "{CC43CA62-32F4-4A64-86DF-0A904AF6B337}"
EndProject
Project("{FAE04EC0-301F-11D3-BF4B-00C04F79EFBC}") = "English digit", "English digit\English digit.csproj", "{B89CA2A8-9A3D-4DAB-8D59-2A867105CFC1}"
EndProject
Project("{FAE04EC0-301F-11D3-BF4B-00C04F79EFBC}") = "Appearance count", "Appearance count\Appearance count.csproj", "{BA04EF0C-5638-4249-819E-3AB42C1934EF}"
EndProject
Project("{FAE04EC0-301F-11D3-BF4B-00C04F79EFBC}") = "Larger than neighbours", "Larger than neighbours\Larger than neighbours.csproj", "{238E545B-29EA-4EEA-A38B-8550571DD83F}"
EndProject
Project("{FAE04EC0-301F-11D3-BF4B-00C04F79EFBC}") = "First larger than neighbours", "First larger than neighbours\First larger than neighbours.csproj", "{7791A225-F6F8-4DAC-9FEC-AA23D73F9178}"
EndProject
Project("{FAE04EC0-301F-11D3-BF4B-00C04F79EFBC}") = "Reverse number", "Reverse number\Reverse number.csproj", "{49E277BE-A62A-4E33-ACF5-A1C23423A7CD}"
EndProject
Project("{FAE04EC0-301F-11D3-BF4B-00C04F79EFBC}") = "Number as array", "Number as array\Number as array.csproj", "{1C2FF4E8-FD1D-429C-A423-26E77C3F74F6}"
EndProject
Global
	GlobalSection(SolutionConfigurationPlatforms) = preSolution
		Debug|Any CPU = Debug|Any CPU
		Release|Any CPU = Release|Any CPU
	EndGlobalSection
	GlobalSection(ProjectConfigurationPlatforms) = postSolution
		{B19995B8-FA59-451D-8E95-1AF7427E37B5}.Debug|Any CPU.ActiveCfg = Debug|Any CPU
		{B19995B8-FA59-451D-8E95-1AF7427E37B5}.Debug|Any CPU.Build.0 = Debug|Any CPU
		{B19995B8-FA59-451D-8E95-1AF7427E37B5}.Release|Any CPU.ActiveCfg = Release|Any CPU
		{B19995B8-FA59-451D-8E95-1AF7427E37B5}.Release|Any CPU.Build.0 = Release|Any CPU
		{CC43CA62-32F4-4A64-86DF-0A904AF6B337}.Debug|Any CPU.ActiveCfg = Debug|Any CPU
		{CC43CA62-32F4-4A64-86DF-0A904AF6B337}.Debug|Any CPU.Build.0 = Debug|Any CPU
		{CC43CA62-32F4-4A64-86DF-0A904AF6B337}.Release|Any CPU.ActiveCfg = Release|Any CPU
		{CC43CA62-32F4-4A64-86DF-0A904AF6B337}.Release|Any CPU.Build.0 = Release|Any CPU
		{B89CA2A8-9A3D-4DAB-8D59-2A867105CFC1}.Debug|Any CPU.ActiveCfg = Debug|Any CPU
		{B89CA2A8-9A3D-4DAB-8D59-2A867105CFC1}.Debug|Any CPU.Build.0 = Debug|Any CPU
		{B89CA2A8-9A3D-4DAB-8D59-2A867105CFC1}.Release|Any CPU.ActiveCfg = Release|Any CPU
		{B89CA2A8-9A3D-4DAB-8D59-2A867105CFC1}.Release|Any CPU.Build.0 = Release|Any CPU
		{BA04EF0C-5638-4249-819E-3AB42C1934EF}.Debug|Any CPU.ActiveCfg = Debug|Any CPU
		{BA04EF0C-5638-4249-819E-3AB42C1934EF}.Debug|Any CPU.Build.0 = Debug|Any CPU
		{BA04EF0C-5638-4249-819E-3AB42C1934EF}.Release|Any CPU.ActiveCfg = Release|Any CPU
		{BA04EF0C-5638-4249-819E-3AB42C1934EF}.Release|Any CPU.Build.0 = Release|Any CPU
		{238E545B-29EA-4EEA-A38B-8550571DD83F}.Debug|Any CPU.ActiveCfg = Debug|Any CPU
		{238E545B-29EA-4EEA-A38B-8550571DD83F}.Debug|Any CPU.Build.0 = Debug|Any CPU
		{238E545B-29EA-4EEA-A38B-8550571DD83F}.Release|Any CPU.ActiveCfg = Release|Any CPU
		{238E545B-29EA-4EEA-A38B-8550571DD83F}.Release|Any CPU.Build.0 = Release|Any CPU
		{7791A225-F6F8-4DAC-9FEC-AA23D73F9178}.Debug|Any CPU.ActiveCfg = Debug|Any CPU
		{7791A225-F6F8-4DAC-9FEC-AA23D73F9178}.Debug|Any CPU.Build.0 = Debug|Any CPU
		{7791A225-F6F8-4DAC-9FEC-AA23D73F9178}.Release|Any CPU.ActiveCfg = Release|Any CPU
		{7791A225-F6F8-4DAC-9FEC-AA23D73F9178}.Release|Any CPU.Build.0 = Release|Any CPU
		{49E277BE-A62A-4E33-ACF5-A1C23423A7CD}.Debug|Any CPU.ActiveCfg = Debug|Any CPU
		{49E277BE-A62A-4E33-ACF5-A1C23423A7CD}.Debug|Any CPU.Build.0 = Debug|Any CPU
		{49E277BE-A62A-4E33-ACF5-A1C23423A7CD}.Release|Any CPU.ActiveCfg = Release|Any CPU
		{49E277BE-A62A-4E33-ACF5-A1C23423A7CD}.Release|Any CPU.Build.0 = Release|Any CPU
		{1C2FF4E8-FD1D-429C-A423-26E77C3F74F6}.Debug|Any CPU.ActiveCfg = Debug|Any CPU
		{1C2FF4E8-FD1D-429C-A423-26E77C3F74F6}.Debug|Any CPU.Build.0 = Debug|Any CPU
		{1C2FF4E8-FD1D-429C-A423-26E77C3F74F6}.Release|Any CPU.ActiveCfg = Release|Any CPU
		{1C2FF4E8-FD1D-429C-A423-26E77C3F74F6}.Release|Any CPU.Build.0 = Release|Any CPU
	EndGlobalSection
	GlobalSection(SolutionProperties) = preSolution
		HideSolutionNode = FALSE
	EndGlobalSection
EndGlobal
