
Microsoft Visual Studio Solution File, Format Version 12.00
# Visual Studio 15
VisualStudioVersion = 15.0.26430.16
MinimumVisualStudioVersion = 10.0.40219.1
Project("{FAE04EC0-301F-11D3-BF4B-00C04F79EFBC}") = "Aquapark", "Aquapark\Aquapark.csproj", "{277146FA-3C1A-49C1-A275-486DECCF2E41}"
EndProject
Project("{FAE04EC0-301F-11D3-BF4B-00C04F79EFBC}") = "Orders System", "Orders System\Orders System.csproj", "{F3BEACA7-A5E1-4A7E-B3E9-F5885D8AB526}"
EndProject
Project("{FAE04EC0-301F-11D3-BF4B-00C04F79EFBC}") = "Vegan Bodybuilder", "Vegan Bodybuilder\Vegan Bodybuilder.csproj", "{FE4DF0F9-037E-4043-943E-65C91B347FCE}"
EndProject
Project("{FAE04EC0-301F-11D3-BF4B-00C04F79EFBC}") = "Dog loves paper", "Dog loves paper\Dog loves paper.csproj", "{C6A2A2C4-7684-449A-B8E4-08EA7A663541}"
EndProject
Global
	GlobalSection(SolutionConfigurationPlatforms) = preSolution
		Debug|Any CPU = Debug|Any CPU
		Release|Any CPU = Release|Any CPU
	EndGlobalSection
	GlobalSection(ProjectConfigurationPlatforms) = postSolution
		{277146FA-3C1A-49C1-A275-486DECCF2E41}.Debug|Any CPU.ActiveCfg = Debug|Any CPU
		{277146FA-3C1A-49C1-A275-486DECCF2E41}.Debug|Any CPU.Build.0 = Debug|Any CPU
		{277146FA-3C1A-49C1-A275-486DECCF2E41}.Release|Any CPU.ActiveCfg = Release|Any CPU
		{277146FA-3C1A-49C1-A275-486DECCF2E41}.Release|Any CPU.Build.0 = Release|Any CPU
		{F3BEACA7-A5E1-4A7E-B3E9-F5885D8AB526}.Debug|Any CPU.ActiveCfg = Debug|Any CPU
		{F3BEACA7-A5E1-4A7E-B3E9-F5885D8AB526}.Debug|Any CPU.Build.0 = Debug|Any CPU
		{F3BEACA7-A5E1-4A7E-B3E9-F5885D8AB526}.Release|Any CPU.ActiveCfg = Release|Any CPU
		{F3BEACA7-A5E1-4A7E-B3E9-F5885D8AB526}.Release|Any CPU.Build.0 = Release|Any CPU
		{FE4DF0F9-037E-4043-943E-65C91B347FCE}.Debug|Any CPU.ActiveCfg = Debug|Any CPU
		{FE4DF0F9-037E-4043-943E-65C91B347FCE}.Debug|Any CPU.Build.0 = Debug|Any CPU
		{FE4DF0F9-037E-4043-943E-65C91B347FCE}.Release|Any CPU.ActiveCfg = Release|Any CPU
		{FE4DF0F9-037E-4043-943E-65C91B347FCE}.Release|Any CPU.Build.0 = Release|Any CPU
		{C6A2A2C4-7684-449A-B8E4-08EA7A663541}.Debug|Any CPU.ActiveCfg = Debug|Any CPU
		{C6A2A2C4-7684-449A-B8E4-08EA7A663541}.Debug|Any CPU.Build.0 = Debug|Any CPU
		{C6A2A2C4-7684-449A-B8E4-08EA7A663541}.Release|Any CPU.ActiveCfg = Release|Any CPU
		{C6A2A2C4-7684-449A-B8E4-08EA7A663541}.Release|Any CPU.Build.0 = Release|Any CPU
	EndGlobalSection
	GlobalSection(SolutionProperties) = preSolution
		HideSolutionNode = FALSE
	EndGlobalSection
EndGlobal
