
Microsoft Visual Studio Solution File, Format Version 12.00
# Visual Studio 15
VisualStudioVersion = 15.0.26430.16
MinimumVisualStudioVersion = 10.0.40219.1
Project("{FAE04EC0-301F-11D3-BF4B-00C04F79EFBC}") = "Shapes", "Shapes\Shapes.csproj", "{0729481E-8A97-470D-8DCB-42B6183AABF7}"
EndProject
Project("{FAE04EC0-301F-11D3-BF4B-00C04F79EFBC}") = "Bank accounts", "Bank accounts\Bank accounts.csproj", "{64E5CE1B-DEF5-4ABB-96C6-C5A6230720EE}"
EndProject
Project("{FAE04EC0-301F-11D3-BF4B-00C04F79EFBC}") = "Range Exceptions", "Range Exceptions\Range Exceptions.csproj", "{72708066-1F56-4E51-89E0-4768CC216985}"
EndProject
Global
	GlobalSection(SolutionConfigurationPlatforms) = preSolution
		Debug|Any CPU = Debug|Any CPU
		Release|Any CPU = Release|Any CPU
	EndGlobalSection
	GlobalSection(ProjectConfigurationPlatforms) = postSolution
		{0729481E-8A97-470D-8DCB-42B6183AABF7}.Debug|Any CPU.ActiveCfg = Debug|Any CPU
		{0729481E-8A97-470D-8DCB-42B6183AABF7}.Debug|Any CPU.Build.0 = Debug|Any CPU
		{0729481E-8A97-470D-8DCB-42B6183AABF7}.Release|Any CPU.ActiveCfg = Release|Any CPU
		{0729481E-8A97-470D-8DCB-42B6183AABF7}.Release|Any CPU.Build.0 = Release|Any CPU
		{64E5CE1B-DEF5-4ABB-96C6-C5A6230720EE}.Debug|Any CPU.ActiveCfg = Debug|Any CPU
		{64E5CE1B-DEF5-4ABB-96C6-C5A6230720EE}.Debug|Any CPU.Build.0 = Debug|Any CPU
		{64E5CE1B-DEF5-4ABB-96C6-C5A6230720EE}.Release|Any CPU.ActiveCfg = Release|Any CPU
		{64E5CE1B-DEF5-4ABB-96C6-C5A6230720EE}.Release|Any CPU.Build.0 = Release|Any CPU
		{72708066-1F56-4E51-89E0-4768CC216985}.Debug|Any CPU.ActiveCfg = Debug|Any CPU
		{72708066-1F56-4E51-89E0-4768CC216985}.Debug|Any CPU.Build.0 = Debug|Any CPU
		{72708066-1F56-4E51-89E0-4768CC216985}.Release|Any CPU.ActiveCfg = Release|Any CPU
		{72708066-1F56-4E51-89E0-4768CC216985}.Release|Any CPU.Build.0 = Release|Any CPU
	EndGlobalSection
	GlobalSection(SolutionProperties) = preSolution
		HideSolutionNode = FALSE
	EndGlobalSection
EndGlobal
